{
  "name": "lit-sandbox",
  "version": "0.0.1",
  "lockfileVersion": 1,
  "requires": true,
  "dependencies": {
    "@material/mwc-base": {
      "version": "0.1.0",
      "resolved": "https://registry.npmjs.org/@material/mwc-base/-/mwc-base-0.1.0.tgz",
      "integrity": "sha512-7+NhAXJY7en2ND2IvDfAgBZ6LKeKMqwHPF+29yqXCk+BPF2LLdKuEeR7PPngRvZKVn8vTj7l55e7UMzSIOgcXg==",
      "requires": {
        "@polymer/lit-element": "^0.4.0"
      },
      "dependencies": {
        "@polymer/lit-element": {
          "version": "0.4.0",
          "resolved": "https://registry.npmjs.org/@polymer/lit-element/-/lit-element-0.4.0.tgz",
          "integrity": "sha512-fDnr66sBW2FtNAueCfk6YCw6D63ai8p3mutVCD/phrlWlbI34wliAAZWC7/5PfZYNUaGaEg65jEVyf/UeNE4Gg==",
          "requires": {
            "@polymer/polymer": "^3.0.0-pre.13",
            "lit-html": "^0.9.0"
          }
        },
        "lit-html": {
          "version": "0.9.0",
          "resolved": "https://registry.npmjs.org/lit-html/-/lit-html-0.9.0.tgz",
          "integrity": "sha512-j0W8WNcf/VRsC+vxeZwgh4KfztQ2gqLF5a80G85qdffnKQ0yTC2IQpU3FRmFjRdRTezvszb1rGMm7jScMc2Mog=="
        }
      }
    },
    "@polymer/iron-flex-layout": {
      "version": "3.0.0-pre.21",
      "resolved": "https://registry.npmjs.org/@polymer/iron-flex-layout/-/iron-flex-layout-3.0.0-pre.21.tgz",
      "integrity": "sha512-/GFBWLBhpzycXmdyS+rzQxCa/ssCX5ZGEa0M/oMRsUK/hUKrj/XBNNYZ3BlyHf2NHELNqnwZLcIZB5EPjA0uwg==",
      "requires": {
        "@polymer/polymer": "^3.0.0"
      }
    },
    "@polymer/iron-icon": {
      "version": "3.0.0-pre.21",
      "resolved": "https://registry.npmjs.org/@polymer/iron-icon/-/iron-icon-3.0.0-pre.21.tgz",
      "integrity": "sha512-B/6ncM/JiKYOCkYtIsgztZuMzmMWAR5POGQ0r7TU0RaBzKstqTvn6NfRHeNzYjsOwBMse/wA6/qvgvCRgx6kWw==",
      "requires": {
        "@polymer/iron-flex-layout": "^3.0.0-pre.21",
        "@polymer/iron-meta": "^3.0.0-pre.21",
        "@polymer/polymer": "^3.0.0"
      }
    },
    "@polymer/iron-iconset-svg": {
      "version": "3.0.0-pre.21",
      "resolved": "https://registry.npmjs.org/@polymer/iron-iconset-svg/-/iron-iconset-svg-3.0.0-pre.21.tgz",
      "integrity": "sha512-YWdX3QROFHKsGds9wUDbD2u1hN6uG6oG4fEu/F16aHFQg9tu2oiSyRspGsOQlXJ28177Qc2rxQ1Kp8GdlzpMbw==",
      "requires": {
        "@polymer/iron-meta": "^3.0.0-pre.21",
        "@polymer/polymer": "^3.0.0"
      }
    },
    "@polymer/iron-meta": {
      "version": "3.0.0-pre.21",
      "resolved": "https://registry.npmjs.org/@polymer/iron-meta/-/iron-meta-3.0.0-pre.21.tgz",
      "integrity": "sha512-RR24zD2t4rSJyjisMo5Cfy200FFYrsmRDZSX8wk1JdaDHVWLgq9DM1aa7/B7WI7sEWkckzVZPBthRFVB+PmVwA==",
      "requires": {
        "@polymer/polymer": "^3.0.0"
      }
    },
    "@polymer/lit-element": {
      "version": "0.6.0-dev.3",
      "resolved": "https://registry.npmjs.org/@polymer/lit-element/-/lit-element-0.6.0-dev.3.tgz",
      "integrity": "sha512-oVl5ZWSE6F7FptIquzzcDxNlxefu8RMEzJ5Ko/OeP7ce1VDcape7UDeKIX+cgJVz8+SdOXpXpBUBFuWKPiwTNg==",
      "requires": {
        "lit-html": "^0.11.0-dev.2"
      }
    },
    "@polymer/polymer": {
      "version": "3.0.2",
      "resolved": "https://registry.npmjs.org/@polymer/polymer/-/polymer-3.0.2.tgz",
      "integrity": "sha512-ow8AAjTe9ps8bantY9IvL0PT+xHf5VN3Cjahfr7gBJAc0lv3jTwGBv7pso65SHyrUJEEHeakhx6iPMl7qY4tfw==",
      "requires": {
        "@webcomponents/shadycss": "^1.2.0"
      }
    },
    "@vaadin/vaadin-lumo-styles": {
      "version": "1.1.0",
      "resolved": "https://registry.npmjs.org/@vaadin/vaadin-lumo-styles/-/vaadin-lumo-styles-1.1.0.tgz",
      "integrity": "sha512-mgpi1BzZ/Wouox+uWvrbxVRo2zrfk3uR+qq9pZbsREF/WgUthpkP5szCo6ZCiRAYW/z8eSUU6RKb6VFeDgh2pQ==",
      "requires": {
        "@polymer/iron-icon": "^3.0.0-pre.18",
        "@polymer/iron-iconset-svg": "^3.0.0-pre.18",
        "@polymer/polymer": "^3.0.0"
      }
    },
    "@webcomponents/shadycss": {
      "version": "1.5.0",
      "resolved": "https://registry.npmjs.org/@webcomponents/shadycss/-/shadycss-1.5.0.tgz",
      "integrity": "sha512-jNuC7alo3EfiqZPosCruJuMAaUI9qgiuGxFcFyPWjOpo4BP+vgC7hxpTzQYxbIWUgrqkn9lnfPup2hE9c/h/PQ=="
    },
    "@webcomponents/webcomponentsjs": {
      "version": "2.0.4",
      "resolved": "https://registry.npmjs.org/@webcomponents/webcomponentsjs/-/webcomponentsjs-2.0.4.tgz",
      "integrity": "sha512-wzPSTmwjAd/0oKW36Yi+cB/BmDrHhcHqGlbqqMjrbPIFkt5Mw7wtvEZQouCrQyBNnRquUhRnSWIBrRijHNBBKg=="
    },
    "lit-html": {
      "version": "0.11.0-dev.2",
      "resolved": "https://registry.npmjs.org/lit-html/-/lit-html-0.11.0-dev.2.tgz",
      "integrity": "sha512-TQcVCcTZLvFR5zfLxo+0LcMj4BjQapvo+DWq8ymHoIRuo/MthsyIlwtAkPGbiNsemfSp/7GxhrKcafAj/+q1YA=="
    }
  }
}
